
Microsoft Visual Studio Solution File, Format Version 12.00
# Visual Studio 15
Project("{FAE04EC0-301F-11D3-BF4B-00C04F79EFBC}") = "coffee", "coffee.csproj", "{0CCD8D41-EA59-4D01-BE09-4E67745BDE94}"
EndProject
Global
	GlobalSection(SolutionConfigurationPlatforms) = preSolution
		Debug|Any CPU = Debug|Any CPU
		Release|Any CPU = Release|Any CPU
	EndGlobalSection
	GlobalSection(ProjectConfigurationPlatforms) = postSolution
		{0CCD8D41-EA59-4D01-BE09-4E67745BDE94}.Debug|Any CPU.ActiveCfg = Debug|Any CPU
		{0CCD8D41-EA59-4D01-BE09-4E67745BDE94}.Debug|Any CPU.Build.0 = Debug|Any CPU
		{0CCD8D41-EA59-4D01-BE09-4E67745BDE94}.Release|Any CPU.ActiveCfg = Release|Any CPU
		{0CCD8D41-EA59-4D01-BE09-4E67745BDE94}.Release|Any CPU.Build.0 = Release|Any CPU
	EndGlobalSection
EndGlobal
